// !$*UTF8*$!
{
	archiveVersion = 1;
	classes = {
	};
	objectVersion = 46;
	objects = {

/* Begin PBXBuildFile section */
		D20C204A16A3DE6C00958D1E /* YNGAGameResultViewController.m in Sources */ = {isa = PBXBuildFile; fileRef = D20C204916A3DE6C00958D1E /* YNGAGameResultViewController.m */; };
		D22C009B16A37271009F26FD /* YNGAResultViewController.m in Sources */ = {isa = PBXBuildFile; fileRef = D22C009A16A37271009F26FD /* YNGAResultViewController.m */; };
		D22C00AA16A37528009F26FD /* Score.m in Sources */ = {isa = PBXBuildFile; fileRef = D22C00A916A37528009F26FD /* Score.m */; };
		D2362ECB16A3EB05007216D8 /* YNGAScoreViewController.m in Sources */ = {isa = PBXBuildFile; fileRef = D2362ECA16A3EB05007216D8 /* YNGAScoreViewController.m */; };
		D249411116A2693F0058E7E6 /* UIKit.framework in Frameworks */ = {isa = PBXBuildFile; fileRef = D249411016A2693F0058E7E6 /* UIKit.framework */; };
		D249411316A2693F0058E7E6 /* Foundation.framework in Frameworks */ = {isa = PBXBuildFile; fileRef = D249411216A2693F0058E7E6 /* Foundation.framework */; };
		D249411516A2693F0058E7E6 /* CoreGraphics.framework in Frameworks */ = {isa = PBXBuildFile; fileRef = D249411416A2693F0058E7E6 /* CoreGraphics.framework */; };
		D249411716A2693F0058E7E6 /* CoreData.framework in Frameworks */ = {isa = PBXBuildFile; fileRef = D249411616A2693F0058E7E6 /* CoreData.framework */; };
		D249411D16A2693F0058E7E6 /* InfoPlist.strings in Resources */ = {isa = PBXBuildFile; fileRef = D249411B16A2693F0058E7E6 /* InfoPlist.strings */; };
		D249411F16A2693F0058E7E6 /* main.m in Sources */ = {isa = PBXBuildFile; fileRef = D249411E16A2693F0058E7E6 /* main.m */; };
		D249412316A269400058E7E6 /* YNGAAppDelegate.m in Sources */ = {isa = PBXBuildFile; fileRef = D249412216A269400058E7E6 /* YNGAAppDelegate.m */; };
		D249412516A269400058E7E6 /* Default.png in Resources */ = {isa = PBXBuildFile; fileRef = D249412416A269400058E7E6 /* Default.png */; };
		D249412716A269400058E7E6 /* Default@2x.png in Resources */ = {isa = PBXBuildFile; fileRef = D249412616A269400058E7E6 /* Default@2x.png */; };
		D249412916A269400058E7E6 /* Default-568h@2x.png in Resources */ = {isa = PBXBuildFile; fileRef = D249412816A269400058E7E6 /* Default-568h@2x.png */; };
		D249412C16A269400058E7E6 /* Yanganese.xcdatamodeld in Sources */ = {isa = PBXBuildFile; fileRef = D249412A16A269400058E7E6 /* Yanganese.xcdatamodeld */; };
		D249413416A269400058E7E6 /* SenTestingKit.framework in Frameworks */ = {isa = PBXBuildFile; fileRef = D249413316A269400058E7E6 /* SenTestingKit.framework */; };
		D249413516A269400058E7E6 /* UIKit.framework in Frameworks */ = {isa = PBXBuildFile; fileRef = D249411016A2693F0058E7E6 /* UIKit.framework */; };
		D249413616A269400058E7E6 /* Foundation.framework in Frameworks */ = {isa = PBXBuildFile; fileRef = D249411216A2693F0058E7E6 /* Foundation.framework */; };
		D249413716A269400058E7E6 /* CoreData.framework in Frameworks */ = {isa = PBXBuildFile; fileRef = D249411616A2693F0058E7E6 /* CoreData.framework */; };
		D249413F16A269400058E7E6 /* InfoPlist.strings in Resources */ = {isa = PBXBuildFile; fileRef = D249413D16A269400058E7E6 /* InfoPlist.strings */; };
		D249414216A269400058E7E6 /* YanganeseTests.m in Sources */ = {isa = PBXBuildFile; fileRef = D249414116A269400058E7E6 /* YanganeseTests.m */; };
		D249414C16A269680058E7E6 /* MainStoryboard.storyboard in Resources */ = {isa = PBXBuildFile; fileRef = D249414B16A269680058E7E6 /* MainStoryboard.storyboard */; };
		D249416C16A26A930058E7E6 /* download.png in Resources */ = {isa = PBXBuildFile; fileRef = D249415816A26A930058E7E6 /* download.png */; };
		D249416D16A26A930058E7E6 /* download@2x.png in Resources */ = {isa = PBXBuildFile; fileRef = D249415916A26A930058E7E6 /* download@2x.png */; };
		D249416E16A26A930058E7E6 /* downloadHighlight.png in Resources */ = {isa = PBXBuildFile; fileRef = D249415A16A26A930058E7E6 /* downloadHighlight.png */; };
		D249416F16A26A930058E7E6 /* downloadHighlight@2x.png in Resources */ = {isa = PBXBuildFile; fileRef = D249415B16A26A930058E7E6 /* downloadHighlight@2x.png */; };
		D249417016A26A930058E7E6 /* play.png in Resources */ = {isa = PBXBuildFile; fileRef = D249415C16A26A930058E7E6 /* play.png */; };
		D249417116A26A930058E7E6 /* play@2x.png in Resources */ = {isa = PBXBuildFile; fileRef = D249415D16A26A930058E7E6 /* play@2x.png */; };
		D249417216A26A930058E7E6 /* playHighlight.png in Resources */ = {isa = PBXBuildFile; fileRef = D249415E16A26A930058E7E6 /* playHighlight.png */; };
		D249417316A26A930058E7E6 /* playHighlight@2x.png in Resources */ = {isa = PBXBuildFile; fileRef = D249415F16A26A930058E7E6 /* playHighlight@2x.png */; };
		D249417416A26A930058E7E6 /* review.png in Resources */ = {isa = PBXBuildFile; fileRef = D249416016A26A930058E7E6 /* review.png */; };
		D249417516A26A930058E7E6 /* review@2x.png in Resources */ = {isa = PBXBuildFile; fileRef = D249416116A26A930058E7E6 /* review@2x.png */; };
		D249417616A26A930058E7E6 /* reviewHighlight.png in Resources */ = {isa = PBXBuildFile; fileRef = D249416216A26A930058E7E6 /* reviewHighlight.png */; };
		D249417716A26A930058E7E6 /* reviewHighlight@2x.png in Resources */ = {isa = PBXBuildFile; fileRef = D249416316A26A930058E7E6 /* reviewHighlight@2x.png */; };
		D249417816A26A930058E7E6 /* scores.png in Resources */ = {isa = PBXBuildFile; fileRef = D249416416A26A930058E7E6 /* scores.png */; };
		D249417916A26A930058E7E6 /* scores@2x.png in Resources */ = {isa = PBXBuildFile; fileRef = D249416516A26A930058E7E6 /* scores@2x.png */; };
		D249417A16A26A930058E7E6 /* scoresHighlight.png in Resources */ = {isa = PBXBuildFile; fileRef = D249416616A26A930058E7E6 /* scoresHighlight.png */; };
		D249417B16A26A930058E7E6 /* scoresHighlight@2x.png in Resources */ = {isa = PBXBuildFile; fileRef = D249416716A26A930058E7E6 /* scoresHighlight@2x.png */; };
		D249417C16A26A930058E7E6 /* yanganese.png in Resources */ = {isa = PBXBuildFile; fileRef = D249416816A26A930058E7E6 /* yanganese.png */; };
		D249417D16A26A930058E7E6 /* yanganese@2x.png in Resources */ = {isa = PBXBuildFile; fileRef = D249416916A26A930058E7E6 /* yanganese@2x.png */; };
		D249417E16A26A930058E7E6 /* yanganeseDisabled.png in Resources */ = {isa = PBXBuildFile; fileRef = D249416A16A26A930058E7E6 /* yanganeseDisabled.png */; };
		D249417F16A26A930058E7E6 /* yanganeseDisabled@2x.png in Resources */ = {isa = PBXBuildFile; fileRef = D249416B16A26A930058E7E6 /* yanganeseDisabled@2x.png */; };
		D2675E5416A2B135005A5DB4 /* YNGAPlaySelectViewController.m in Sources */ = {isa = PBXBuildFile; fileRef = D2675E5316A2B135005A5DB4 /* YNGAPlaySelectViewController.m */; };
		D29CFDB016A3442D00C043E8 /* QuartzCore.framework in Frameworks */ = {isa = PBXBuildFile; fileRef = D29CFDAF16A3442D00C043E8 /* QuartzCore.framework */; };
		D29CFDB716A344DA00C043E8 /* YNGAQuestionViewController.m in Sources */ = {isa = PBXBuildFile; fileRef = D29CFDB616A344DA00C043E8 /* YNGAQuestionViewController.m */; };
		D29CFDBB16A3460300C043E8 /* YNGAGameViewController.m in Sources */ = {isa = PBXBuildFile; fileRef = D29CFDBA16A3460300C043E8 /* YNGAGameViewController.m */; };
		D29CFDCB16A3514B00C043E8 /* blue.png in Resources */ = {isa = PBXBuildFile; fileRef = D29CFDC316A3514B00C043E8 /* blue.png */; };
		D29CFDCC16A3514B00C043E8 /* blue@2x.png in Resources */ = {isa = PBXBuildFile; fileRef = D29CFDC416A3514B00C043E8 /* blue@2x.png */; };
		D29CFDCD16A3514B00C043E8 /* green.png in Resources */ = {isa = PBXBuildFile; fileRef = D29CFDC516A3514B00C043E8 /* green.png */; };
		D29CFDCE16A3514B00C043E8 /* green@2x.png in Resources */ = {isa = PBXBuildFile; fileRef = D29CFDC616A3514B00C043E8 /* green@2x.png */; };
		D29CFDCF16A3514B00C043E8 /* grey.png in Resources */ = {isa = PBXBuildFile; fileRef = D29CFDC716A3514B00C043E8 /* grey.png */; };
		D29CFDD016A3514B00C043E8 /* grey@2x.png in Resources */ = {isa = PBXBuildFile; fileRef = D29CFDC816A3514B00C043E8 /* grey@2x.png */; };
		D29CFDD116A3514B00C043E8 /* red.png in Resources */ = {isa = PBXBuildFile; fileRef = D29CFDC916A3514B00C043E8 /* red.png */; };
		D29CFDD216A3514B00C043E8 /* red@2x.png in Resources */ = {isa = PBXBuildFile; fileRef = D29CFDCA16A3514B00C043E8 /* red@2x.png */; };
		D2DB1F6B16A26B70002061CC /* YNGAConstant.m in Sources */ = {isa = PBXBuildFile; fileRef = D2DB1F6A16A26B70002061CC /* YNGAConstant.m */; };
		D2DB1F7516A26CD7002061CC /* YNGARatingView.m in Sources */ = {isa = PBXBuildFile; fileRef = D2DB1F7416A26CD7002061CC /* YNGARatingView.m */; };
		D2DB1F7E16A26E16002061CC /* YNGAQuizCell.m in Sources */ = {isa = PBXBuildFile; fileRef = D2DB1F7C16A26E16002061CC /* YNGAQuizCell.m */; };
		D2DB1F7F16A26E16002061CC /* YNGAQuizCell.xib in Resources */ = {isa = PBXBuildFile; fileRef = D2DB1F7D16A26E16002061CC /* YNGAQuizCell.xib */; };
		D2DB1F8C16A27741002061CC /* Quiz.m in Sources */ = {isa = PBXBuildFile; fileRef = D2DB1F8B16A27741002061CC /* Quiz.m */; };
		D2DB1F8F16A27741002061CC /* Question.m in Sources */ = {isa = PBXBuildFile; fileRef = D2DB1F8E16A27741002061CC /* Question.m */; };
		D2DB1F9316A27816002061CC /* YNGASelectViewController.m in Sources */ = {isa = PBXBuildFile; fileRef = D2DB1F9216A27816002061CC /* YNGASelectViewController.m */; };
		D2DB1FA816A28E81002061CC /* YNGAMenuViewController.m in Sources */ = {isa = PBXBuildFile; fileRef = D2DB1FA716A28E81002061CC /* YNGAMenuViewController.m */; };
		D2DB1FBD16A290FC002061CC /* astro.png in Resources */ = {isa = PBXBuildFile; fileRef = D2DB1FAA16A290FC002061CC /* astro.png */; };
		D2DB1FBE16A290FC002061CC /* astro@2x.png in Resources */ = {isa = PBXBuildFile; fileRef = D2DB1FAB16A290FC002061CC /* astro@2x.png */; };
		D2DB1FBF16A290FC002061CC /* bio.png in Resources */ = {isa = PBXBuildFile; fileRef = D2DB1FAC16A290FC002061CC /* bio.png */; };
		D2DB1FC016A290FC002061CC /* bio@2x.png in Resources */ = {isa = PBXBuildFile; fileRef = D2DB1FAD16A290FC002061CC /* bio@2x.png */; };
		D2DB1FC116A290FC002061CC /* chem.png in Resources */ = {isa = PBXBuildFile; fileRef = D2DB1FAE16A290FC002061CC /* chem.png */; };
		D2DB1FC216A290FC002061CC /* chem@2x.png in Resources */ = {isa = PBXBuildFile; fileRef = D2DB1FAF16A290FC002061CC /* chem@2x.png */; };
		D2DB1FC316A290FC002061CC /* earth.png in Resources */ = {isa = PBXBuildFile; fileRef = D2DB1FB016A290FC002061CC /* earth.png */; };
		D2DB1FC416A290FC002061CC /* earth@2x.png in Resources */ = {isa = PBXBuildFile; fileRef = D2DB1FB116A290FC002061CC /* earth@2x.png */; };
		D2DB1FC516A290FC002061CC /* gen.png in Resources */ = {isa = PBXBuildFile; fileRef = D2DB1FB216A290FC002061CC /* gen.png */; };
		D2DB1FC616A290FC002061CC /* gen@2x.png in Resources */ = {isa = PBXBuildFile; fileRef = D2DB1FB316A290FC002061CC /* gen@2x.png */; };
		D2DB1FC716A290FC002061CC /* math.png in Resources */ = {isa = PBXBuildFile; fileRef = D2DB1FB416A290FC002061CC /* math.png */; };
		D2DB1FC816A290FC002061CC /* math@2x.png in Resources */ = {isa = PBXBuildFile; fileRef = D2DB1FB516A290FC002061CC /* math@2x.png */; };
		D2DB1FC916A290FC002061CC /* phys.png in Resources */ = {isa = PBXBuildFile; fileRef = D2DB1FB616A290FC002061CC /* phys.png */; };
		D2DB1FCA16A290FC002061CC /* phys@2x.png in Resources */ = {isa = PBXBuildFile; fileRef = D2DB1FB716A290FC002061CC /* phys@2x.png */; };
		D2DB1FCB16A290FC002061CC /* selectHighlight.png in Resources */ = {isa = PBXBuildFile; fileRef = D2DB1FB816A290FC002061CC /* selectHighlight.png */; };
		D2DB1FCC16A290FC002061CC /* starsBackground.png in Resources */ = {isa = PBXBuildFile; fileRef = D2DB1FB916A290FC002061CC /* starsBackground.png */; };
		D2DB1FCD16A290FC002061CC /* starsBackground@2x.png in Resources */ = {isa = PBXBuildFile; fileRef = D2DB1FBA16A290FC002061CC /* starsBackground@2x.png */; };
		D2DB1FCE16A290FC002061CC /* starsForeground.png in Resources */ = {isa = PBXBuildFile; fileRef = D2DB1FBB16A290FC002061CC /* starsForeground.png */; };
		D2DB1FCF16A290FC002061CC /* starsForeground@2x.png in Resources */ = {isa = PBXBuildFile; fileRef = D2DB1FBC16A290FC002061CC /* starsForeground@2x.png */; };
		D2DB1FD316A29392002061CC /* YNGADownloadViewController.m in Sources */ = {isa = PBXBuildFile; fileRef = D2DB1FD216A29392002061CC /* YNGADownloadViewController.m */; };
/* End PBXBuildFile section */

/* Begin PBXContainerItemProxy section */
		D249413816A269400058E7E6 /* PBXContainerItemProxy */ = {
			isa = PBXContainerItemProxy;
			containerPortal = D249410316A2693F0058E7E6 /* Project object */;
			proxyType = 1;
			remoteGlobalIDString = D249410B16A2693F0058E7E6;
			remoteInfo = Yanganese;
		};
/* End PBXContainerItemProxy section */

/* Begin PBXFileReference section */
		D20C204816A3DE6C00958D1E /* YNGAGameResultViewController.h */ = {isa = PBXFileReference; fileEncoding = 4; lastKnownFileType = sourcecode.c.h; name = YNGAGameResultViewController.h; path = UI/Play/YNGAGameResultViewController.h; sourceTree = "<group>"; };
		D20C204916A3DE6C00958D1E /* YNGAGameResultViewController.m */ = {isa = PBXFileReference; fileEncoding = 4; lastKnownFileType = sourcecode.c.objc; name = YNGAGameResultViewController.m; path = UI/Play/YNGAGameResultViewController.m; sourceTree = "<group>"; };
		D22C009916A37271009F26FD /* YNGAResultViewController.h */ = {isa = PBXFileReference; fileEncoding = 4; lastKnownFileType = sourcecode.c.h; name = YNGAResultViewController.h; path = UI/Result/YNGAResultViewController.h; sourceTree = "<group>"; };
		D22C009A16A37271009F26FD /* YNGAResultViewController.m */ = {isa = PBXFileReference; fileEncoding = 4; lastKnownFileType = sourcecode.c.objc; name = YNGAResultViewController.m; path = UI/Result/YNGAResultViewController.m; sourceTree = "<group>"; };
		D22C00A816A37528009F26FD /* Score.h */ = {isa = PBXFileReference; fileEncoding = 4; lastKnownFileType = sourcecode.c.h; name = Score.h; path = Model/Score.h; sourceTree = "<group>"; };
		D22C00A916A37528009F26FD /* Score.m */ = {isa = PBXFileReference; fileEncoding = 4; lastKnownFileType = sourcecode.c.objc; name = Score.m; path = Model/Score.m; sourceTree = "<group>"; };
		D2362EC916A3EB05007216D8 /* YNGAScoreViewController.h */ = {isa = PBXFileReference; fileEncoding = 4; lastKnownFileType = sourcecode.c.h; name = YNGAScoreViewController.h; path = UI/Score/YNGAScoreViewController.h; sourceTree = "<group>"; };
		D2362ECA16A3EB05007216D8 /* YNGAScoreViewController.m */ = {isa = PBXFileReference; fileEncoding = 4; lastKnownFileType = sourcecode.c.objc; name = YNGAScoreViewController.m; path = UI/Score/YNGAScoreViewController.m; sourceTree = "<group>"; };
		D249410C16A2693F0058E7E6 /* Yanganese.app */ = {isa = PBXFileReference; explicitFileType = wrapper.application; includeInIndex = 0; path = Yanganese.app; sourceTree = BUILT_PRODUCTS_DIR; };
		D249411016A2693F0058E7E6 /* UIKit.framework */ = {isa = PBXFileReference; lastKnownFileType = wrapper.framework; name = UIKit.framework; path = System/Library/Frameworks/UIKit.framework; sourceTree = SDKROOT; };
		D249411216A2693F0058E7E6 /* Foundation.framework */ = {isa = PBXFileReference; lastKnownFileType = wrapper.framework; name = Foundation.framework; path = System/Library/Frameworks/Foundation.framework; sourceTree = SDKROOT; };
		D249411416A2693F0058E7E6 /* CoreGraphics.framework */ = {isa = PBXFileReference; lastKnownFileType = wrapper.framework; name = CoreGraphics.framework; path = System/Library/Frameworks/CoreGraphics.framework; sourceTree = SDKROOT; };
		D249411616A2693F0058E7E6 /* CoreData.framework */ = {isa = PBXFileReference; lastKnownFileType = wrapper.framework; name = CoreData.framework; path = System/Library/Frameworks/CoreData.framework; sourceTree = SDKROOT; };
		D249411A16A2693F0058E7E6 /* Yanganese-Info.plist */ = {isa = PBXFileReference; lastKnownFileType = text.plist.xml; path = "Yanganese-Info.plist"; sourceTree = "<group>"; };
		D249411C16A2693F0058E7E6 /* en */ = {isa = PBXFileReference; lastKnownFileType = text.plist.strings; name = en; path = en.lproj/InfoPlist.strings; sourceTree = "<group>"; };
		D249411E16A2693F0058E7E6 /* main.m */ = {isa = PBXFileReference; lastKnownFileType = sourcecode.c.objc; path = main.m; sourceTree = "<group>"; };
		D249412016A269400058E7E6 /* Yanganese-Prefix.pch */ = {isa = PBXFileReference; lastKnownFileType = sourcecode.c.h; path = "Yanganese-Prefix.pch"; sourceTree = "<group>"; };
		D249412116A269400058E7E6 /* YNGAAppDelegate.h */ = {isa = PBXFileReference; lastKnownFileType = sourcecode.c.h; path = YNGAAppDelegate.h; sourceTree = "<group>"; };
		D249412216A269400058E7E6 /* YNGAAppDelegate.m */ = {isa = PBXFileReference; lastKnownFileType = sourcecode.c.objc; path = YNGAAppDelegate.m; sourceTree = "<group>"; };
		D249412416A269400058E7E6 /* Default.png */ = {isa = PBXFileReference; lastKnownFileType = image.png; path = Default.png; sourceTree = "<group>"; };
		D249412616A269400058E7E6 /* Default@2x.png */ = {isa = PBXFileReference; lastKnownFileType = image.png; path = "Default@2x.png"; sourceTree = "<group>"; };
		D249412816A269400058E7E6 /* Default-568h@2x.png */ = {isa = PBXFileReference; lastKnownFileType = image.png; path = "Default-568h@2x.png"; sourceTree = "<group>"; };
		D249412B16A269400058E7E6 /* Yanganese.xcdatamodel */ = {isa = PBXFileReference; lastKnownFileType = wrapper.xcdatamodel; path = Yanganese.xcdatamodel; sourceTree = "<group>"; };
		D249413216A269400058E7E6 /* YanganeseTests.octest */ = {isa = PBXFileReference; explicitFileType = wrapper.cfbundle; includeInIndex = 0; path = YanganeseTests.octest; sourceTree = BUILT_PRODUCTS_DIR; };
		D249413316A269400058E7E6 /* SenTestingKit.framework */ = {isa = PBXFileReference; lastKnownFileType = wrapper.framework; name = SenTestingKit.framework; path = Library/Frameworks/SenTestingKit.framework; sourceTree = DEVELOPER_DIR; };
		D249413C16A269400058E7E6 /* YanganeseTests-Info.plist */ = {isa = PBXFileReference; lastKnownFileType = text.plist.xml; path = "YanganeseTests-Info.plist"; sourceTree = "<group>"; };
		D249413E16A269400058E7E6 /* en */ = {isa = PBXFileReference; lastKnownFileType = text.plist.strings; name = en; path = en.lproj/InfoPlist.strings; sourceTree = "<group>"; };
		D249414016A269400058E7E6 /* YanganeseTests.h */ = {isa = PBXFileReference; lastKnownFileType = sourcecode.c.h; path = YanganeseTests.h; sourceTree = "<group>"; };
		D249414116A269400058E7E6 /* YanganeseTests.m */ = {isa = PBXFileReference; lastKnownFileType = sourcecode.c.objc; path = YanganeseTests.m; sourceTree = "<group>"; };
		D249414B16A269680058E7E6 /* MainStoryboard.storyboard */ = {isa = PBXFileReference; fileEncoding = 4; lastKnownFileType = file.storyboard; path = MainStoryboard.storyboard; sourceTree = "<group>"; };
		D249415816A26A930058E7E6 /* download.png */ = {isa = PBXFileReference; lastKnownFileType = image.png; name = download.png; path = Images/Menu/download.png; sourceTree = "<group>"; };
		D249415916A26A930058E7E6 /* download@2x.png */ = {isa = PBXFileReference; lastKnownFileType = image.png; name = "download@2x.png"; path = "Images/Menu/download@2x.png"; sourceTree = "<group>"; };
		D249415A16A26A930058E7E6 /* downloadHighlight.png */ = {isa = PBXFileReference; lastKnownFileType = image.png; name = downloadHighlight.png; path = Images/Menu/downloadHighlight.png; sourceTree = "<group>"; };
		D249415B16A26A930058E7E6 /* downloadHighlight@2x.png */ = {isa = PBXFileReference; lastKnownFileType = image.png; name = "downloadHighlight@2x.png"; path = "Images/Menu/downloadHighlight@2x.png"; sourceTree = "<group>"; };
		D249415C16A26A930058E7E6 /* play.png */ = {isa = PBXFileReference; lastKnownFileType = image.png; name = play.png; path = Images/Menu/play.png; sourceTree = "<group>"; };
		D249415D16A26A930058E7E6 /* play@2x.png */ = {isa = PBXFileReference; lastKnownFileType = image.png; name = "play@2x.png"; path = "Images/Menu/play@2x.png"; sourceTree = "<group>"; };
		D249415E16A26A930058E7E6 /* playHighlight.png */ = {isa = PBXFileReference; lastKnownFileType = image.png; name = playHighlight.png; path = Images/Menu/playHighlight.png; sourceTree = "<group>"; };
		D249415F16A26A930058E7E6 /* playHighlight@2x.png */ = {isa = PBXFileReference; lastKnownFileType = image.png; name = "playHighlight@2x.png"; path = "Images/Menu/playHighlight@2x.png"; sourceTree = "<group>"; };
		D249416016A26A930058E7E6 /* review.png */ = {isa = PBXFileReference; lastKnownFileType = image.png; name = review.png; path = Images/Menu/review.png; sourceTree = "<group>"; };
		D249416116A26A930058E7E6 /* review@2x.png */ = {isa = PBXFileReference; lastKnownFileType = image.png; name = "review@2x.png"; path = "Images/Menu/review@2x.png"; sourceTree = "<group>"; };
		D249416216A26A930058E7E6 /* reviewHighlight.png */ = {isa = PBXFileReference; lastKnownFileType = image.png; name = reviewHighlight.png; path = Images/Menu/reviewHighlight.png; sourceTree = "<group>"; };
		D249416316A26A930058E7E6 /* reviewHighlight@2x.png */ = {isa = PBXFileReference; lastKnownFileType = image.png; name = "reviewHighlight@2x.png"; path = "Images/Menu/reviewHighlight@2x.png"; sourceTree = "<group>"; };
		D249416416A26A930058E7E6 /* scores.png */ = {isa = PBXFileReference; lastKnownFileType = image.png; name = scores.png; path = Images/Menu/scores.png; sourceTree = "<group>"; };
		D249416516A26A930058E7E6 /* scores@2x.png */ = {isa = PBXFileReference; lastKnownFileType = image.png; name = "scores@2x.png"; path = "Images/Menu/scores@2x.png"; sourceTree = "<group>"; };
		D249416616A26A930058E7E6 /* scoresHighlight.png */ = {isa = PBXFileReference; lastKnownFileType = image.png; name = scoresHighlight.png; path = Images/Menu/scoresHighlight.png; sourceTree = "<group>"; };
		D249416716A26A930058E7E6 /* scoresHighlight@2x.png */ = {isa = PBXFileReference; lastKnownFileType = image.png; name = "scoresHighlight@2x.png"; path = "Images/Menu/scoresHighlight@2x.png"; sourceTree = "<group>"; };
		D249416816A26A930058E7E6 /* yanganese.png */ = {isa = PBXFileReference; lastKnownFileType = image.png; name = yanganese.png; path = Images/Menu/yanganese.png; sourceTree = "<group>"; };
		D249416916A26A930058E7E6 /* yanganese@2x.png */ = {isa = PBXFileReference; lastKnownFileType = image.png; name = "yanganese@2x.png"; path = "Images/Menu/yanganese@2x.png"; sourceTree = "<group>"; };
		D249416A16A26A930058E7E6 /* yanganeseDisabled.png */ = {isa = PBXFileReference; lastKnownFileType = image.png; name = yanganeseDisabled.png; path = Images/Menu/yanganeseDisabled.png; sourceTree = "<group>"; };
		D249416B16A26A930058E7E6 /* yanganeseDisabled@2x.png */ = {isa = PBXFileReference; lastKnownFileType = image.png; name = "yanganeseDisabled@2x.png"; path = "Images/Menu/yanganeseDisabled@2x.png"; sourceTree = "<group>"; };
		D2675E5216A2B135005A5DB4 /* YNGAPlaySelectViewController.h */ = {isa = PBXFileReference; fileEncoding = 4; lastKnownFileType = sourcecode.c.h; name = YNGAPlaySelectViewController.h; path = UI/Play/YNGAPlaySelectViewController.h; sourceTree = "<group>"; };
		D2675E5316A2B135005A5DB4 /* YNGAPlaySelectViewController.m */ = {isa = PBXFileReference; fileEncoding = 4; lastKnownFileType = sourcecode.c.objc; name = YNGAPlaySelectViewController.m; path = UI/Play/YNGAPlaySelectViewController.m; sourceTree = "<group>"; };
		D29CFDAF16A3442D00C043E8 /* QuartzCore.framework */ = {isa = PBXFileReference; lastKnownFileType = wrapper.framework; name = QuartzCore.framework; path = System/Library/Frameworks/QuartzCore.framework; sourceTree = SDKROOT; };
		D29CFDB516A344DA00C043E8 /* YNGAQuestionViewController.h */ = {isa = PBXFileReference; fileEncoding = 4; lastKnownFileType = sourcecode.c.h; name = YNGAQuestionViewController.h; path = UI/Question/YNGAQuestionViewController.h; sourceTree = "<group>"; };
		D29CFDB616A344DA00C043E8 /* YNGAQuestionViewController.m */ = {isa = PBXFileReference; fileEncoding = 4; lastKnownFileType = sourcecode.c.objc; name = YNGAQuestionViewController.m; path = UI/Question/YNGAQuestionViewController.m; sourceTree = "<group>"; };
		D29CFDB916A3460300C043E8 /* YNGAGameViewController.h */ = {isa = PBXFileReference; fileEncoding = 4; lastKnownFileType = sourcecode.c.h; name = YNGAGameViewController.h; path = UI/Play/YNGAGameViewController.h; sourceTree = "<group>"; };
		D29CFDBA16A3460300C043E8 /* YNGAGameViewController.m */ = {isa = PBXFileReference; fileEncoding = 4; lastKnownFileType = sourcecode.c.objc; name = YNGAGameViewController.m; path = UI/Play/YNGAGameViewController.m; sourceTree = "<group>"; };
		D29CFDC316A3514B00C043E8 /* blue.png */ = {isa = PBXFileReference; lastKnownFileType = image.png; name = blue.png; path = Images/Play/blue.png; sourceTree = "<group>"; };
		D29CFDC416A3514B00C043E8 /* blue@2x.png */ = {isa = PBXFileReference; lastKnownFileType = image.png; name = "blue@2x.png"; path = "Images/Play/blue@2x.png"; sourceTree = "<group>"; };
		D29CFDC516A3514B00C043E8 /* green.png */ = {isa = PBXFileReference; lastKnownFileType = image.png; name = green.png; path = Images/Play/green.png; sourceTree = "<group>"; };
		D29CFDC616A3514B00C043E8 /* green@2x.png */ = {isa = PBXFileReference; lastKnownFileType = image.png; name = "green@2x.png"; path = "Images/Play/green@2x.png"; sourceTree = "<group>"; };
		D29CFDC716A3514B00C043E8 /* grey.png */ = {isa = PBXFileReference; lastKnownFileType = image.png; name = grey.png; path = Images/Play/grey.png; sourceTree = "<group>"; };
		D29CFDC816A3514B00C043E8 /* grey@2x.png */ = {isa = PBXFileReference; lastKnownFileType = image.png; name = "grey@2x.png"; path = "Images/Play/grey@2x.png"; sourceTree = "<group>"; };
		D29CFDC916A3514B00C043E8 /* red.png */ = {isa = PBXFileReference; lastKnownFileType = image.png; name = red.png; path = Images/Play/red.png; sourceTree = "<group>"; };
		D29CFDCA16A3514B00C043E8 /* red@2x.png */ = {isa = PBXFileReference; lastKnownFileType = image.png; name = "red@2x.png"; path = "Images/Play/red@2x.png"; sourceTree = "<group>"; };
		D2DB1F6916A26B70002061CC /* YNGAConstant.h */ = {isa = PBXFileReference; fileEncoding = 4; lastKnownFileType = sourcecode.c.h; name = YNGAConstant.h; path = Support/YNGAConstant.h; sourceTree = "<group>"; };
		D2DB1F6A16A26B70002061CC /* YNGAConstant.m */ = {isa = PBXFileReference; fileEncoding = 4; lastKnownFileType = sourcecode.c.objc; name = YNGAConstant.m; path = Support/YNGAConstant.m; sourceTree = "<group>"; };
		D2DB1F7316A26CD7002061CC /* YNGARatingView.h */ = {isa = PBXFileReference; fileEncoding = 4; lastKnownFileType = sourcecode.c.h; name = YNGARatingView.h; path = UI/Cell/YNGARatingView.h; sourceTree = "<group>"; };
		D2DB1F7416A26CD7002061CC /* YNGARatingView.m */ = {isa = PBXFileReference; fileEncoding = 4; lastKnownFileType = sourcecode.c.objc; name = YNGARatingView.m; path = UI/Cell/YNGARatingView.m; sourceTree = "<group>"; };
		D2DB1F7B16A26E16002061CC /* YNGAQuizCell.h */ = {isa = PBXFileReference; fileEncoding = 4; lastKnownFileType = sourcecode.c.h; name = YNGAQuizCell.h; path = UI/Cell/YNGAQuizCell.h; sourceTree = "<group>"; };
		D2DB1F7C16A26E16002061CC /* YNGAQuizCell.m */ = {isa = PBXFileReference; fileEncoding = 4; lastKnownFileType = sourcecode.c.objc; name = YNGAQuizCell.m; path = UI/Cell/YNGAQuizCell.m; sourceTree = "<group>"; };
		D2DB1F7D16A26E16002061CC /* YNGAQuizCell.xib */ = {isa = PBXFileReference; fileEncoding = 4; lastKnownFileType = file.xib; name = YNGAQuizCell.xib; path = UI/Cell/YNGAQuizCell.xib; sourceTree = "<group>"; };
		D2DB1F8A16A27741002061CC /* Quiz.h */ = {isa = PBXFileReference; fileEncoding = 4; lastKnownFileType = sourcecode.c.h; name = Quiz.h; path = Model/Quiz.h; sourceTree = "<group>"; };
		D2DB1F8B16A27741002061CC /* Quiz.m */ = {isa = PBXFileReference; fileEncoding = 4; lastKnownFileType = sourcecode.c.objc; name = Quiz.m; path = Model/Quiz.m; sourceTree = "<group>"; };
		D2DB1F8D16A27741002061CC /* Question.h */ = {isa = PBXFileReference; fileEncoding = 4; lastKnownFileType = sourcecode.c.h; name = Question.h; path = Model/Question.h; sourceTree = "<group>"; };
		D2DB1F8E16A27741002061CC /* Question.m */ = {isa = PBXFileReference; fileEncoding = 4; lastKnownFileType = sourcecode.c.objc; name = Question.m; path = Model/Question.m; sourceTree = "<group>"; };
		D2DB1F9116A27816002061CC /* YNGASelectViewController.h */ = {isa = PBXFileReference; fileEncoding = 4; lastKnownFileType = sourcecode.c.h; name = YNGASelectViewController.h; path = UI/Select/YNGASelectViewController.h; sourceTree = "<group>"; };
		D2DB1F9216A27816002061CC /* YNGASelectViewController.m */ = {isa = PBXFileReference; fileEncoding = 4; lastKnownFileType = sourcecode.c.objc; name = YNGASelectViewController.m; path = UI/Select/YNGASelectViewController.m; sourceTree = "<group>"; };
		D2DB1FA616A28E81002061CC /* YNGAMenuViewController.h */ = {isa = PBXFileReference; fileEncoding = 4; lastKnownFileType = sourcecode.c.h; name = YNGAMenuViewController.h; path = UI/Menu/YNGAMenuViewController.h; sourceTree = "<group>"; };
		D2DB1FA716A28E81002061CC /* YNGAMenuViewController.m */ = {isa = PBXFileReference; fileEncoding = 4; lastKnownFileType = sourcecode.c.objc; name = YNGAMenuViewController.m; path = UI/Menu/YNGAMenuViewController.m; sourceTree = "<group>"; };
		D2DB1FAA16A290FC002061CC /* astro.png */ = {isa = PBXFileReference; lastKnownFileType = image.png; name = astro.png; path = Images/Select/astro.png; sourceTree = "<group>"; };
		D2DB1FAB16A290FC002061CC /* astro@2x.png */ = {isa = PBXFileReference; lastKnownFileType = image.png; name = "astro@2x.png"; path = "Images/Select/astro@2x.png"; sourceTree = "<group>"; };
		D2DB1FAC16A290FC002061CC /* bio.png */ = {isa = PBXFileReference; lastKnownFileType = image.png; name = bio.png; path = Images/Select/bio.png; sourceTree = "<group>"; };
		D2DB1FAD16A290FC002061CC /* bio@2x.png */ = {isa = PBXFileReference; lastKnownFileType = image.png; name = "bio@2x.png"; path = "Images/Select/bio@2x.png"; sourceTree = "<group>"; };
		D2DB1FAE16A290FC002061CC /* chem.png */ = {isa = PBXFileReference; lastKnownFileType = image.png; name = chem.png; path = Images/Select/chem.png; sourceTree = "<group>"; };
		D2DB1FAF16A290FC002061CC /* chem@2x.png */ = {isa = PBXFileReference; lastKnownFileType = image.png; name = "chem@2x.png"; path = "Images/Select/chem@2x.png"; sourceTree = "<group>"; };
		D2DB1FB016A290FC002061CC /* earth.png */ = {isa = PBXFileReference; lastKnownFileType = image.png; name = earth.png; path = Images/Select/earth.png; sourceTree = "<group>"; };
		D2DB1FB116A290FC002061CC /* earth@2x.png */ = {isa = PBXFileReference; lastKnownFileType = image.png; name = "earth@2x.png"; path = "Images/Select/earth@2x.png"; sourceTree = "<group>"; };
		D2DB1FB216A290FC002061CC /* gen.png */ = {isa = PBXFileReference; lastKnownFileType = image.png; name = gen.png; path = Images/Select/gen.png; sourceTree = "<group>"; };
		D2DB1FB316A290FC002061CC /* gen@2x.png */ = {isa = PBXFileReference; lastKnownFileType = image.png; name = "gen@2x.png"; path = "Images/Select/gen@2x.png"; sourceTree = "<group>"; };
		D2DB1FB416A290FC002061CC /* math.png */ = {isa = PBXFileReference; lastKnownFileType = image.png; name = math.png; path = Images/Select/math.png; sourceTree = "<group>"; };
		D2DB1FB516A290FC002061CC /* math@2x.png */ = {isa = PBXFileReference; lastKnownFileType = image.png; name = "math@2x.png"; path = "Images/Select/math@2x.png"; sourceTree = "<group>"; };
		D2DB1FB616A290FC002061CC /* phys.png */ = {isa = PBXFileReference; lastKnownFileType = image.png; name = phys.png; path = Images/Select/phys.png; sourceTree = "<group>"; };
		D2DB1FB716A290FC002061CC /* phys@2x.png */ = {isa = PBXFileReference; lastKnownFileType = image.png; name = "phys@2x.png"; path = "Images/Select/phys@2x.png"; sourceTree = "<group>"; };
		D2DB1FB816A290FC002061CC /* selectHighlight.png */ = {isa = PBXFileReference; lastKnownFileType = image.png; name = selectHighlight.png; path = Images/Select/selectHighlight.png; sourceTree = "<group>"; };
		D2DB1FB916A290FC002061CC /* starsBackground.png */ = {isa = PBXFileReference; lastKnownFileType = image.png; name = starsBackground.png; path = Images/Select/starsBackground.png; sourceTree = "<group>"; };
		D2DB1FBA16A290FC002061CC /* starsBackground@2x.png */ = {isa = PBXFileReference; lastKnownFileType = image.png; name = "starsBackground@2x.png"; path = "Images/Select/starsBackground@2x.png"; sourceTree = "<group>"; };
		D2DB1FBB16A290FC002061CC /* starsForeground.png */ = {isa = PBXFileReference; lastKnownFileType = image.png; name = starsForeground.png; path = Images/Select/starsForeground.png; sourceTree = "<group>"; };
		D2DB1FBC16A290FC002061CC /* starsForeground@2x.png */ = {isa = PBXFileReference; lastKnownFileType = image.png; name = "starsForeground@2x.png"; path = "Images/Select/starsForeground@2x.png"; sourceTree = "<group>"; };
		D2DB1FD116A29392002061CC /* YNGADownloadViewController.h */ = {isa = PBXFileReference; fileEncoding = 4; lastKnownFileType = sourcecode.c.h; name = YNGADownloadViewController.h; path = UI/Download/YNGADownloadViewController.h; sourceTree = "<group>"; };
		D2DB1FD216A29392002061CC /* YNGADownloadViewController.m */ = {isa = PBXFileReference; fileEncoding = 4; lastKnownFileType = sourcecode.c.objc; name = YNGADownloadViewController.m; path = UI/Download/YNGADownloadViewController.m; sourceTree = "<group>"; };
/* End PBXFileReference section */

/* Begin PBXFrameworksBuildPhase section */
		D249410916A2693F0058E7E6 /* Frameworks */ = {
			isa = PBXFrameworksBuildPhase;
			buildActionMask = 2147483647;
			files = (
				D29CFDB016A3442D00C043E8 /* QuartzCore.framework in Frameworks */,
				D249411116A2693F0058E7E6 /* UIKit.framework in Frameworks */,
				D249411316A2693F0058E7E6 /* Foundation.framework in Frameworks */,
				D249411516A2693F0058E7E6 /* CoreGraphics.framework in Frameworks */,
				D249411716A2693F0058E7E6 /* CoreData.framework in Frameworks */,
			);
			runOnlyForDeploymentPostprocessing = 0;
		};
		D249412E16A269400058E7E6 /* Frameworks */ = {
			isa = PBXFrameworksBuildPhase;
			buildActionMask = 2147483647;
			files = (
				D249413416A269400058E7E6 /* SenTestingKit.framework in Frameworks */,
				D249413516A269400058E7E6 /* UIKit.framework in Frameworks */,
				D249413616A269400058E7E6 /* Foundation.framework in Frameworks */,
				D249413716A269400058E7E6 /* CoreData.framework in Frameworks */,
			);
			runOnlyForDeploymentPostprocessing = 0;
		};
/* End PBXFrameworksBuildPhase section */

/* Begin PBXGroup section */
		D22C009D16A37276009F26FD /* Result */ = {
			isa = PBXGroup;
			children = (
				D22C009916A37271009F26FD /* YNGAResultViewController.h */,
				D22C009A16A37271009F26FD /* YNGAResultViewController.m */,
			);
			name = Result;
			sourceTree = "<group>";
		};
		D2362EC316A3EA5C007216D8 /* Score */ = {
			isa = PBXGroup;
			children = (
				D2362EC916A3EB05007216D8 /* YNGAScoreViewController.h */,
				D2362ECA16A3EB05007216D8 /* YNGAScoreViewController.m */,
			);
			name = Score;
			sourceTree = "<group>";
		};
		D249410116A2693F0058E7E6 = {
			isa = PBXGroup;
			children = (
				D249411816A2693F0058E7E6 /* Yanganese */,
				D249413A16A269400058E7E6 /* YanganeseTests */,
				D249410F16A2693F0058E7E6 /* Frameworks */,
				D249410D16A2693F0058E7E6 /* Products */,
			);
			sourceTree = "<group>";
		};
		D249410D16A2693F0058E7E6 /* Products */ = {
			isa = PBXGroup;
			children = (
				D249410C16A2693F0058E7E6 /* Yanganese.app */,
				D249413216A269400058E7E6 /* YanganeseTests.octest */,
			);
			name = Products;
			sourceTree = "<group>";
		};
		D249410F16A2693F0058E7E6 /* Frameworks */ = {
			isa = PBXGroup;
			children = (
				D29CFDAF16A3442D00C043E8 /* QuartzCore.framework */,
				D249411016A2693F0058E7E6 /* UIKit.framework */,
				D249411216A2693F0058E7E6 /* Foundation.framework */,
				D249411416A2693F0058E7E6 /* CoreGraphics.framework */,
				D249411616A2693F0058E7E6 /* CoreData.framework */,
				D249413316A269400058E7E6 /* SenTestingKit.framework */,
			);
			name = Frameworks;
			sourceTree = "<group>";
		};
		D249411816A2693F0058E7E6 /* Yanganese */ = {
			isa = PBXGroup;
			children = (
				D249412116A269400058E7E6 /* YNGAAppDelegate.h */,
				D249412216A269400058E7E6 /* YNGAAppDelegate.m */,
				D249412A16A269400058E7E6 /* Yanganese.xcdatamodeld */,
				D249414B16A269680058E7E6 /* MainStoryboard.storyboard */,
				D2DB1F8816A2771B002061CC /* Model */,
				D2DB1F7016A26CC1002061CC /* UI */,
				D249415516A26A420058E7E6 /* Images */,
				D249411916A2693F0058E7E6 /* Supporting Files */,
			);
			path = Yanganese;
			sourceTree = "<group>";
		};
		D249411916A2693F0058E7E6 /* Supporting Files */ = {
			isa = PBXGroup;
			children = (
				D249411A16A2693F0058E7E6 /* Yanganese-Info.plist */,
				D249411B16A2693F0058E7E6 /* InfoPlist.strings */,
				D249411E16A2693F0058E7E6 /* main.m */,
				D249412016A269400058E7E6 /* Yanganese-Prefix.pch */,
				D249412416A269400058E7E6 /* Default.png */,
				D249412616A269400058E7E6 /* Default@2x.png */,
				D249412816A269400058E7E6 /* Default-568h@2x.png */,
				D2DB1F6916A26B70002061CC /* YNGAConstant.h */,
				D2DB1F6A16A26B70002061CC /* YNGAConstant.m */,
			);
			name = "Supporting Files";
			sourceTree = "<group>";
		};
		D249413A16A269400058E7E6 /* YanganeseTests */ = {
			isa = PBXGroup;
			children = (
				D249414016A269400058E7E6 /* YanganeseTests.h */,
				D249414116A269400058E7E6 /* YanganeseTests.m */,
				D249413B16A269400058E7E6 /* Supporting Files */,
			);
			path = YanganeseTests;
			sourceTree = "<group>";
		};
		D249413B16A269400058E7E6 /* Supporting Files */ = {
			isa = PBXGroup;
			children = (
				D249413C16A269400058E7E6 /* YanganeseTests-Info.plist */,
				D249413D16A269400058E7E6 /* InfoPlist.strings */,
			);
			name = "Supporting Files";
			sourceTree = "<group>";
		};
		D249415516A26A420058E7E6 /* Images */ = {
			isa = PBXGroup;
			children = (
				D29CFDC216A350EC00C043E8 /* Play */,
				D2DB1FA916A2906B002061CC /* Select */,
				D249415716A26A4A0058E7E6 /* Menu */,
			);
			name = Images;
			sourceTree = "<group>";
		};
		D249415716A26A4A0058E7E6 /* Menu */ = {
			isa = PBXGroup;
			children = (
				D249415816A26A930058E7E6 /* download.png */,
				D249415916A26A930058E7E6 /* download@2x.png */,
				D249415A16A26A930058E7E6 /* downloadHighlight.png */,
				D249415B16A26A930058E7E6 /* downloadHighlight@2x.png */,
				D249415C16A26A930058E7E6 /* play.png */,
				D249415D16A26A930058E7E6 /* play@2x.png */,
				D249415E16A26A930058E7E6 /* playHighlight.png */,
				D249415F16A26A930058E7E6 /* playHighlight@2x.png */,
				D249416016A26A930058E7E6 /* review.png */,
				D249416116A26A930058E7E6 /* review@2x.png */,
				D249416216A26A930058E7E6 /* reviewHighlight.png */,
				D249416316A26A930058E7E6 /* reviewHighlight@2x.png */,
				D249416416A26A930058E7E6 /* scores.png */,
				D249416516A26A930058E7E6 /* scores@2x.png */,
				D249416616A26A930058E7E6 /* scoresHighlight.png */,
				D249416716A26A930058E7E6 /* scoresHighlight@2x.png */,
				D249416816A26A930058E7E6 /* yanganese.png */,
				D249416916A26A930058E7E6 /* yanganese@2x.png */,
				D249416A16A26A930058E7E6 /* yanganeseDisabled.png */,
				D249416B16A26A930058E7E6 /* yanganeseDisabled@2x.png */,
			);
			name = Menu;
			sourceTree = "<group>";
		};
		D2675E5016A2B114005A5DB4 /* Play */ = {
			isa = PBXGroup;
			children = (
				D2675E5216A2B135005A5DB4 /* YNGAPlaySelectViewController.h */,
				D2675E5316A2B135005A5DB4 /* YNGAPlaySelectViewController.m */,
				D29CFDB916A3460300C043E8 /* YNGAGameViewController.h */,
				D29CFDBA16A3460300C043E8 /* YNGAGameViewController.m */,
				D20C204816A3DE6C00958D1E /* YNGAGameResultViewController.h */,
				D20C204916A3DE6C00958D1E /* YNGAGameResultViewController.m */,
			);
			name = Play;
			sourceTree = "<group>";
		};
		D29CFDAA16A342E500C043E8 /* Question */ = {
			isa = PBXGroup;
			children = (
				D29CFDB516A344DA00C043E8 /* YNGAQuestionViewController.h */,
				D29CFDB616A344DA00C043E8 /* YNGAQuestionViewController.m */,
			);
			name = Question;
			sourceTree = "<group>";
		};
		D29CFDC216A350EC00C043E8 /* Play */ = {
			isa = PBXGroup;
			children = (
				D29CFDC316A3514B00C043E8 /* blue.png */,
				D29CFDC416A3514B00C043E8 /* blue@2x.png */,
				D29CFDC516A3514B00C043E8 /* green.png */,
				D29CFDC616A3514B00C043E8 /* green@2x.png */,
				D29CFDC716A3514B00C043E8 /* grey.png */,
				D29CFDC816A3514B00C043E8 /* grey@2x.png */,
				D29CFDC916A3514B00C043E8 /* red.png */,
				D29CFDCA16A3514B00C043E8 /* red@2x.png */,
			);
			name = Play;
			sourceTree = "<group>";
		};
		D2DB1F7016A26CC1002061CC /* UI */ = {
			isa = PBXGroup;
			children = (
				D2DB1F7216A26CC6002061CC /* Cell */,
				D2DB1F9016A277D2002061CC /* Select */,
				D29CFDAA16A342E500C043E8 /* Question */,
				D22C009D16A37276009F26FD /* Result */,
				D2DB1FA016A28D2D002061CC /* Menu */,
				D2675E5016A2B114005A5DB4 /* Play */,
				D2DB1FD016A292E8002061CC /* Download */,
				D2362EC316A3EA5C007216D8 /* Score */,
			);
			name = UI;
			sourceTree = "<group>";
		};
		D2DB1F7216A26CC6002061CC /* Cell */ = {
			isa = PBXGroup;
			children = (
				D2DB1F7316A26CD7002061CC /* YNGARatingView.h */,
				D2DB1F7416A26CD7002061CC /* YNGARatingView.m */,
				D2DB1F7B16A26E16002061CC /* YNGAQuizCell.h */,
				D2DB1F7C16A26E16002061CC /* YNGAQuizCell.m */,
				D2DB1F7D16A26E16002061CC /* YNGAQuizCell.xib */,
			);
			name = Cell;
			sourceTree = "<group>";
		};
		D2DB1F8816A2771B002061CC /* Model */ = {
			isa = PBXGroup;
			children = (
				D2DB1F8D16A27741002061CC /* Question.h */,
				D2DB1F8E16A27741002061CC /* Question.m */,
				D2DB1F8A16A27741002061CC /* Quiz.h */,
				D2DB1F8B16A27741002061CC /* Quiz.m */,
				D22C00A816A37528009F26FD /* Score.h */,
				D22C00A916A37528009F26FD /* Score.m */,
			);
			name = Model;
			sourceTree = "<group>";
		};
		D2DB1F9016A277D2002061CC /* Select */ = {
			isa = PBXGroup;
			children = (
				D2DB1F9116A27816002061CC /* YNGASelectViewController.h */,
				D2DB1F9216A27816002061CC /* YNGASelectViewController.m */,
			);
			name = Select;
			sourceTree = "<group>";
		};
		D2DB1FA016A28D2D002061CC /* Menu */ = {
			isa = PBXGroup;
			children = (
				D2DB1FA616A28E81002061CC /* YNGAMenuViewController.h */,
				D2DB1FA716A28E81002061CC /* YNGAMenuViewController.m */,
			);
			name = Menu;
			sourceTree = "<group>";
		};
		D2DB1FA916A2906B002061CC /* Select */ = {
			isa = PBXGroup;
			children = (
				D2DB1FAA16A290FC002061CC /* astro.png */,
				D2DB1FAB16A290FC002061CC /* astro@2x.png */,
				D2DB1FAC16A290FC002061CC /* bio.png */,
				D2DB1FAD16A290FC002061CC /* bio@2x.png */,
				D2DB1FAE16A290FC002061CC /* chem.png */,
				D2DB1FAF16A290FC002061CC /* chem@2x.png */,
				D2DB1FB016A290FC002061CC /* earth.png */,
				D2DB1FB116A290FC002061CC /* earth@2x.png */,
				D2DB1FB216A290FC002061CC /* gen.png */,
				D2DB1FB316A290FC002061CC /* gen@2x.png */,
				D2DB1FB416A290FC002061CC /* math.png */,
				D2DB1FB516A290FC002061CC /* math@2x.png */,
				D2DB1FB616A290FC002061CC /* phys.png */,
				D2DB1FB716A290FC002061CC /* phys@2x.png */,
				D2DB1FB816A290FC002061CC /* selectHighlight.png */,
				D2DB1FB916A290FC002061CC /* starsBackground.png */,
				D2DB1FBA16A290FC002061CC /* starsBackground@2x.png */,
				D2DB1FBB16A290FC002061CC /* starsForeground.png */,
				D2DB1FBC16A290FC002061CC /* starsForeground@2x.png */,
			);
			name = Select;
			sourceTree = "<group>";
		};
		D2DB1FD016A292E8002061CC /* Download */ = {
			isa = PBXGroup;
			children = (
				D2DB1FD116A29392002061CC /* YNGADownloadViewController.h */,
				D2DB1FD216A29392002061CC /* YNGADownloadViewController.m */,
			);
			name = Download;
			sourceTree = "<group>";
		};
/* End PBXGroup section */

/* Begin PBXNativeTarget section */
		D249410B16A2693F0058E7E6 /* Yanganese */ = {
			isa = PBXNativeTarget;
			buildConfigurationList = D249414516A269400058E7E6 /* Build configuration list for PBXNativeTarget "Yanganese" */;
			buildPhases = (
				D249410816A2693F0058E7E6 /* Sources */,
				D249410916A2693F0058E7E6 /* Frameworks */,
				D249410A16A2693F0058E7E6 /* Resources */,
			);
			buildRules = (
			);
			dependencies = (
			);
			name = Yanganese;
			productName = Yanganese;
			productReference = D249410C16A2693F0058E7E6 /* Yanganese.app */;
			productType = "com.apple.product-type.application";
		};
		D249413116A269400058E7E6 /* YanganeseTests */ = {
			isa = PBXNativeTarget;
			buildConfigurationList = D249414816A269400058E7E6 /* Build configuration list for PBXNativeTarget "YanganeseTests" */;
			buildPhases = (
				D249412D16A269400058E7E6 /* Sources */,
				D249412E16A269400058E7E6 /* Frameworks */,
				D249412F16A269400058E7E6 /* Resources */,
				D249413016A269400058E7E6 /* ShellScript */,
			);
			buildRules = (
			);
			dependencies = (
				D249413916A269400058E7E6 /* PBXTargetDependency */,
			);
			name = YanganeseTests;
			productName = YanganeseTests;
			productReference = D249413216A269400058E7E6 /* YanganeseTests.octest */;
			productType = "com.apple.product-type.bundle";
		};
/* End PBXNativeTarget section */

/* Begin PBXProject section */
		D249410316A2693F0058E7E6 /* Project object */ = {
			isa = PBXProject;
			attributes = {
				CLASSPREFIX = YNGA;
				LastUpgradeCheck = 0450;
				ORGANIZATIONNAME = "Michael Yang";
			};
			buildConfigurationList = D249410616A2693F0058E7E6 /* Build configuration list for PBXProject "Yanganese" */;
			compatibilityVersion = "Xcode 3.2";
			developmentRegion = English;
			hasScannedForEncodings = 0;
			knownRegions = (
				en,
			);
			mainGroup = D249410116A2693F0058E7E6;
			productRefGroup = D249410D16A2693F0058E7E6 /* Products */;
			projectDirPath = "";
			projectRoot = "";
			targets = (
				D249410B16A2693F0058E7E6 /* Yanganese */,
				D249413116A269400058E7E6 /* YanganeseTests */,
			);
		};
/* End PBXProject section */

/* Begin PBXResourcesBuildPhase section */
		D249410A16A2693F0058E7E6 /* Resources */ = {
			isa = PBXResourcesBuildPhase;
			buildActionMask = 2147483647;
			files = (
				D249411D16A2693F0058E7E6 /* InfoPlist.strings in Resources */,
				D249412516A269400058E7E6 /* Default.png in Resources */,
				D249412716A269400058E7E6 /* Default@2x.png in Resources */,
				D249412916A269400058E7E6 /* Default-568h@2x.png in Resources */,
				D249414C16A269680058E7E6 /* MainStoryboard.storyboard in Resources */,
				D249416C16A26A930058E7E6 /* download.png in Resources */,
				D249416D16A26A930058E7E6 /* download@2x.png in Resources */,
				D249416E16A26A930058E7E6 /* downloadHighlight.png in Resources */,
				D249416F16A26A930058E7E6 /* downloadHighlight@2x.png in Resources */,
				D249417016A26A930058E7E6 /* play.png in Resources */,
				D249417116A26A930058E7E6 /* play@2x.png in Resources */,
				D249417216A26A930058E7E6 /* playHighlight.png in Resources */,
				D249417316A26A930058E7E6 /* playHighlight@2x.png in Resources */,
				D249417416A26A930058E7E6 /* review.png in Resources */,
				D249417516A26A930058E7E6 /* review@2x.png in Resources */,
				D249417616A26A930058E7E6 /* reviewHighlight.png in Resources */,
				D249417716A26A930058E7E6 /* reviewHighlight@2x.png in Resources */,
				D249417816A26A930058E7E6 /* scores.png in Resources */,
				D249417916A26A930058E7E6 /* scores@2x.png in Resources */,
				D249417A16A26A930058E7E6 /* scoresHighlight.png in Resources */,
				D249417B16A26A930058E7E6 /* scoresHighlight@2x.png in Resources */,
				D249417C16A26A930058E7E6 /* yanganese.png in Resources */,
				D249417D16A26A930058E7E6 /* yanganese@2x.png in Resources */,
				D249417E16A26A930058E7E6 /* yanganeseDisabled.png in Resources */,
				D249417F16A26A930058E7E6 /* yanganeseDisabled@2x.png in Resources */,
				D2DB1F7F16A26E16002061CC /* YNGAQuizCell.xib in Resources */,
				D2DB1FBD16A290FC002061CC /* astro.png in Resources */,
				D2DB1FBE16A290FC002061CC /* astro@2x.png in Resources */,
				D2DB1FBF16A290FC002061CC /* bio.png in Resources */,
				D2DB1FC016A290FC002061CC /* bio@2x.png in Resources */,
				D2DB1FC116A290FC002061CC /* chem.png in Resources */,
				D2DB1FC216A290FC002061CC /* chem@2x.png in Resources */,
				D2DB1FC316A290FC002061CC /* earth.png in Resources */,
				D2DB1FC416A290FC002061CC /* earth@2x.png in Resources */,
				D2DB1FC516A290FC002061CC /* gen.png in Resources */,
				D2DB1FC616A290FC002061CC /* gen@2x.png in Resources */,
				D2DB1FC716A290FC002061CC /* math.png in Resources */,
				D2DB1FC816A290FC002061CC /* math@2x.png in Resources */,
				D2DB1FC916A290FC002061CC /* phys.png in Resources */,
				D2DB1FCA16A290FC002061CC /* phys@2x.png in Resources */,
				D2DB1FCB16A290FC002061CC /* selectHighlight.png in Resources */,
				D2DB1FCC16A290FC002061CC /* starsBackground.png in Resources */,
				D2DB1FCD16A290FC002061CC /* starsBackground@2x.png in Resources */,
				D2DB1FCE16A290FC002061CC /* starsForeground.png in Resources */,
				D2DB1FCF16A290FC002061CC /* starsForeground@2x.png in Resources */,
				D29CFDCB16A3514B00C043E8 /* blue.png in Resources */,
				D29CFDCC16A3514B00C043E8 /* blue@2x.png in Resources */,
				D29CFDCD16A3514B00C043E8 /* green.png in Resources */,
				D29CFDCE16A3514B00C043E8 /* green@2x.png in Resources */,
				D29CFDCF16A3514B00C043E8 /* grey.png in Resources */,
				D29CFDD016A3514B00C043E8 /* grey@2x.png in Resources */,
				D29CFDD116A3514B00C043E8 /* red.png in Resources */,
				D29CFDD216A3514B00C043E8 /* red@2x.png in Resources */,
			);
			runOnlyForDeploymentPostprocessing = 0;
		};
		D249412F16A269400058E7E6 /* Resources */ = {
			isa = PBXResourcesBuildPhase;
			buildActionMask = 2147483647;
			files = (
				D249413F16A269400058E7E6 /* InfoPlist.strings in Resources */,
			);
			runOnlyForDeploymentPostprocessing = 0;
		};
/* End PBXResourcesBuildPhase section */

/* Begin PBXShellScriptBuildPhase section */
		D249413016A269400058E7E6 /* ShellScript */ = {
			isa = PBXShellScriptBuildPhase;
			buildActionMask = 2147483647;
			files = (
			);
			inputPaths = (
			);
			outputPaths = (
			);
			runOnlyForDeploymentPostprocessing = 0;
			shellPath = /bin/sh;
			shellScript = "# Run the unit tests in this test bundle.\n\"${SYSTEM_DEVELOPER_DIR}/Tools/RunUnitTests\"\n";
		};
/* End PBXShellScriptBuildPhase section */

/* Begin PBXSourcesBuildPhase section */
		D249410816A2693F0058E7E6 /* Sources */ = {
			isa = PBXSourcesBuildPhase;
			buildActionMask = 2147483647;
			files = (
				D249411F16A2693F0058E7E6 /* main.m in Sources */,
				D249412316A269400058E7E6 /* YNGAAppDelegate.m in Sources */,
				D249412C16A269400058E7E6 /* Yanganese.xcdatamodeld in Sources */,
				D2DB1F6B16A26B70002061CC /* YNGAConstant.m in Sources */,
				D2DB1F7516A26CD7002061CC /* YNGARatingView.m in Sources */,
				D2DB1F7E16A26E16002061CC /* YNGAQuizCell.m in Sources */,
				D2DB1F8C16A27741002061CC /* Quiz.m in Sources */,
				D2DB1F8F16A27741002061CC /* Question.m in Sources */,
				D2DB1F9316A27816002061CC /* YNGASelectViewController.m in Sources */,
				D2DB1FA816A28E81002061CC /* YNGAMenuViewController.m in Sources */,
				D2DB1FD316A29392002061CC /* YNGADownloadViewController.m in Sources */,
				D2675E5416A2B135005A5DB4 /* YNGAPlaySelectViewController.m in Sources */,
				D29CFDB716A344DA00C043E8 /* YNGAQuestionViewController.m in Sources */,
				D29CFDBB16A3460300C043E8 /* YNGAGameViewController.m in Sources */,
				D22C009B16A37271009F26FD /* YNGAResultViewController.m in Sources */,
				D22C00AA16A37528009F26FD /* Score.m in Sources */,
				D20C204A16A3DE6C00958D1E /* YNGAGameResultViewController.m in Sources */,
				D2362ECB16A3EB05007216D8 /* YNGAScoreViewController.m in Sources */,
			);
			runOnlyForDeploymentPostprocessing = 0;
		};
		D249412D16A269400058E7E6 /* Sources */ = {
			isa = PBXSourcesBuildPhase;
			buildActionMask = 2147483647;
			files = (
				D249414216A269400058E7E6 /* YanganeseTests.m in Sources */,
			);
			runOnlyForDeploymentPostprocessing = 0;
		};
/* End PBXSourcesBuildPhase section */

/* Begin PBXTargetDependency section */
		D249413916A269400058E7E6 /* PBXTargetDependency */ = {
			isa = PBXTargetDependency;
			target = D249410B16A2693F0058E7E6 /* Yanganese */;
			targetProxy = D249413816A269400058E7E6 /* PBXContainerItemProxy */;
		};
/* End PBXTargetDependency section */

/* Begin PBXVariantGroup section */
		D249411B16A2693F0058E7E6 /* InfoPlist.strings */ = {
			isa = PBXVariantGroup;
			children = (
				D249411C16A2693F0058E7E6 /* en */,
			);
			name = InfoPlist.strings;
			sourceTree = "<group>";
		};
		D249413D16A269400058E7E6 /* InfoPlist.strings */ = {
			isa = PBXVariantGroup;
			children = (
				D249413E16A269400058E7E6 /* en */,
			);
			name = InfoPlist.strings;
			sourceTree = "<group>";
		};
/* End PBXVariantGroup section */

/* Begin XCBuildConfiguration section */
		D249414316A269400058E7E6 /* Debug */ = {
			isa = XCBuildConfiguration;
			buildSettings = {
				ALWAYS_SEARCH_USER_PATHS = NO;
				CLANG_CXX_LANGUAGE_STANDARD = "gnu++0x";
				CLANG_CXX_LIBRARY = "libc++";
				CLANG_ENABLE_OBJC_ARC = YES;
				CLANG_WARN_EMPTY_BODY = YES;
				CLANG_WARN__DUPLICATE_METHOD_MATCH = YES;
				"CODE_SIGN_IDENTITY[sdk=iphoneos*]" = "iPhone Developer";
				COPY_PHASE_STRIP = NO;
				GCC_C_LANGUAGE_STANDARD = gnu99;
				GCC_DYNAMIC_NO_PIC = NO;
				GCC_OPTIMIZATION_LEVEL = 0;
				GCC_PREPROCESSOR_DEFINITIONS = (
					"DEBUG=1",
					"$(inherited)",
				);
				GCC_SYMBOLS_PRIVATE_EXTERN = NO;
				GCC_WARN_ABOUT_RETURN_TYPE = YES;
				GCC_WARN_UNINITIALIZED_AUTOS = YES;
				GCC_WARN_UNUSED_VARIABLE = YES;
				IPHONEOS_DEPLOYMENT_TARGET = 6.0;
				ONLY_ACTIVE_ARCH = YES;
				SDKROOT = iphoneos;
			};
			name = Debug;
		};
		D249414416A269400058E7E6 /* Release */ = {
			isa = XCBuildConfiguration;
			buildSettings = {
				ALWAYS_SEARCH_USER_PATHS = NO;
				CLANG_CXX_LANGUAGE_STANDARD = "gnu++0x";
				CLANG_CXX_LIBRARY = "libc++";
				CLANG_ENABLE_OBJC_ARC = YES;
				CLANG_WARN_EMPTY_BODY = YES;
				CLANG_WARN__DUPLICATE_METHOD_MATCH = YES;
				"CODE_SIGN_IDENTITY[sdk=iphoneos*]" = "iPhone Developer";
				COPY_PHASE_STRIP = YES;
				GCC_C_LANGUAGE_STANDARD = gnu99;
				GCC_WARN_ABOUT_RETURN_TYPE = YES;
				GCC_WARN_UNINITIALIZED_AUTOS = YES;
				GCC_WARN_UNUSED_VARIABLE = YES;
				IPHONEOS_DEPLOYMENT_TARGET = 6.0;
				OTHER_CFLAGS = "-DNS_BLOCK_ASSERTIONS=1";
				SDKROOT = iphoneos;
				VALIDATE_PRODUCT = YES;
			};
			name = Release;
		};
		D249414616A269400058E7E6 /* Debug */ = {
			isa = XCBuildConfiguration;
			buildSettings = {
				GCC_PRECOMPILE_PREFIX_HEADER = YES;
				GCC_PREFIX_HEADER = "Yanganese/Yanganese-Prefix.pch";
				INFOPLIST_FILE = "Yanganese/Yanganese-Info.plist";
				PRODUCT_NAME = "$(TARGET_NAME)";
				WRAPPER_EXTENSION = app;
			};
			name = Debug;
		};
		D249414716A269400058E7E6 /* Release */ = {
			isa = XCBuildConfiguration;
			buildSettings = {
				GCC_PRECOMPILE_PREFIX_HEADER = YES;
				GCC_PREFIX_HEADER = "Yanganese/Yanganese-Prefix.pch";
				INFOPLIST_FILE = "Yanganese/Yanganese-Info.plist";
				PRODUCT_NAME = "$(TARGET_NAME)";
				WRAPPER_EXTENSION = app;
			};
			name = Release;
		};
		D249414916A269400058E7E6 /* Debug */ = {
			isa = XCBuildConfiguration;
			buildSettings = {
				BUNDLE_LOADER = "$(BUILT_PRODUCTS_DIR)/Yanganese.app/Yanganese";
				FRAMEWORK_SEARCH_PATHS = (
					"\"$(SDKROOT)/Developer/Library/Frameworks\"",
					"\"$(DEVELOPER_LIBRARY_DIR)/Frameworks\"",
				);
				GCC_PRECOMPILE_PREFIX_HEADER = YES;
				GCC_PREFIX_HEADER = "Yanganese/Yanganese-Prefix.pch";
				INFOPLIST_FILE = "YanganeseTests/YanganeseTests-Info.plist";
				PRODUCT_NAME = "$(TARGET_NAME)";
				TEST_HOST = "$(BUNDLE_LOADER)";
				WRAPPER_EXTENSION = octest;
			};
			name = Debug;
		};
		D249414A16A269400058E7E6 /* Release */ = {
			isa = XCBuildConfiguration;
			buildSettings = {
				BUNDLE_LOADER = "$(BUILT_PRODUCTS_DIR)/Yanganese.app/Yanganese";
				FRAMEWORK_SEARCH_PATHS = (
					"\"$(SDKROOT)/Developer/Library/Frameworks\"",
					"\"$(DEVELOPER_LIBRARY_DIR)/Frameworks\"",
				);
				GCC_PRECOMPILE_PREFIX_HEADER = YES;
				GCC_PREFIX_HEADER = "Yanganese/Yanganese-Prefix.pch";
				INFOPLIST_FILE = "YanganeseTests/YanganeseTests-Info.plist";
				PRODUCT_NAME = "$(TARGET_NAME)";
				TEST_HOST = "$(BUNDLE_LOADER)";
				WRAPPER_EXTENSION = octest;
			};
			name = Release;
		};
/* End XCBuildConfiguration section */

/* Begin XCConfigurationList section */
		D249410616A2693F0058E7E6 /* Build configuration list for PBXProject "Yanganese" */ = {
			isa = XCConfigurationList;
			buildConfigurations = (
				D249414316A269400058E7E6 /* Debug */,
				D249414416A269400058E7E6 /* Release */,
			);
			defaultConfigurationIsVisible = 0;
			defaultConfigurationName = Release;
		};
		D249414516A269400058E7E6 /* Build configuration list for PBXNativeTarget "Yanganese" */ = {
			isa = XCConfigurationList;
			buildConfigurations = (
				D249414616A269400058E7E6 /* Debug */,
				D249414716A269400058E7E6 /* Release */,
			);
			defaultConfigurationIsVisible = 0;
			defaultConfigurationName = Release;
		};
		D249414816A269400058E7E6 /* Build configuration list for PBXNativeTarget "YanganeseTests" */ = {
			isa = XCConfigurationList;
			buildConfigurations = (
				D249414916A269400058E7E6 /* Debug */,
				D249414A16A269400058E7E6 /* Release */,
			);
			defaultConfigurationIsVisible = 0;
			defaultConfigurationName = Release;
		};
/* End XCConfigurationList section */

/* Begin XCVersionGroup section */
		D249412A16A269400058E7E6 /* Yanganese.xcdatamodeld */ = {
			isa = XCVersionGroup;
			children = (
				D249412B16A269400058E7E6 /* Yanganese.xcdatamodel */,
			);
			currentVersion = D249412B16A269400058E7E6 /* Yanganese.xcdatamodel */;
			path = Yanganese.xcdatamodeld;
			sourceTree = "<group>";
			versionGroupType = wrapper.xcdatamodel;
		};
/* End XCVersionGroup section */
	};
	rootObject = D249410316A2693F0058E7E6 /* Project object */;
}
